// !$*UTF8*$!
{
	archiveVersion = 1;
	classes = {
	};
	objectVersion = 56;
	objects = {

/* Begin PBXBuildFile section */
		CA9240C028E834DF004A8F7F /* DoYouRememberApp.swift in Sources */ = {isa = PBXBuildFile; fileRef = CA9240BF28E834DF004A8F7F /* DoYouRememberApp.swift */; };
		CA9240C228E834DF004A8F7F /* ContentView.swift in Sources */ = {isa = PBXBuildFile; fileRef = CA9240C128E834DF004A8F7F /* ContentView.swift */; };
		CA9240C428E834E0004A8F7F /* Assets.xcassets in Resources */ = {isa = PBXBuildFile; fileRef = CA9240C328E834E0004A8F7F /* Assets.xcassets */; };
		CA9240C728E834E0004A8F7F /* Preview Assets.xcassets in Resources */ = {isa = PBXBuildFile; fileRef = CA9240C628E834E0004A8F7F /* Preview Assets.xcassets */; };
		CACA86E928EF5B1900851816 /* NetworkClient.swift in Sources */ = {isa = PBXBuildFile; fileRef = CACA86E828EF5B1900851816 /* NetworkClient.swift */; };
		CACA86EC28EF5D1800851816 /* DictionaryItem.swift in Sources */ = {isa = PBXBuildFile; fileRef = CACA86EB28EF5D1800851816 /* DictionaryItem.swift */; };
		CACA86EE28EF5EA200851816 /* NetworkError.swift in Sources */ = {isa = PBXBuildFile; fileRef = CACA86ED28EF5EA200851816 /* NetworkError.swift */; };
		CACA86F128EF623A00851816 /* AddWordView.swift in Sources */ = {isa = PBXBuildFile; fileRef = CACA86F028EF623A00851816 /* AddWordView.swift */; };
		CACA86F428EF624E00851816 /* AddWordViewModel.swift in Sources */ = {isa = PBXBuildFile; fileRef = CACA86F328EF624E00851816 /* AddWordViewModel.swift */; };
		CACA86F628EF664C00851816 /* WordDefinitionViewModel.swift in Sources */ = {isa = PBXBuildFile; fileRef = CACA86F528EF664C00851816 /* WordDefinitionViewModel.swift */; };
		CACA86F828EF6DF000851816 /* WordDefinitionRow.swift in Sources */ = {isa = PBXBuildFile; fileRef = CACA86F728EF6DF000851816 /* WordDefinitionRow.swift */; };
		CADC61DD28F177800038E932 /* LoadingView.swift in Sources */ = {isa = PBXBuildFile; fileRef = CADC61DC28F177800038E932 /* LoadingView.swift */; };
		CAFA8C4529853C5B00F5D3DC /* Endpoint.swift in Sources */ = {isa = PBXBuildFile; fileRef = CAFA8C4429853C5B00F5D3DC /* Endpoint.swift */; };
		CAFA8C4A29854FBD00F5D3DC /* LoadingState.swift in Sources */ = {isa = PBXBuildFile; fileRef = CAFA8C4929854FBD00F5D3DC /* LoadingState.swift */; };
		CAFA8C4D2985503D00F5D3DC /* PublisherExstension.swift in Sources */ = {isa = PBXBuildFile; fileRef = CAFA8C4C2985503D00F5D3DC /* PublisherExstension.swift */; };
		CAFA8C512985549800F5D3DC /* ErrorView.swift in Sources */ = {isa = PBXBuildFile; fileRef = CAFA8C502985549800F5D3DC /* ErrorView.swift */; };
/* End PBXBuildFile section */

/* Begin PBXFileReference section */
		CA9240BC28E834DF004A8F7F /* DoYouRemember.app */ = {isa = PBXFileReference; explicitFileType = wrapper.application; includeInIndex = 0; path = DoYouRemember.app; sourceTree = BUILT_PRODUCTS_DIR; };
		CA9240BF28E834DF004A8F7F /* DoYouRememberApp.swift */ = {isa = PBXFileReference; lastKnownFileType = sourcecode.swift; path = DoYouRememberApp.swift; sourceTree = "<group>"; };
		CA9240C128E834DF004A8F7F /* ContentView.swift */ = {isa = PBXFileReference; lastKnownFileType = sourcecode.swift; path = ContentView.swift; sourceTree = "<group>"; };
		CA9240C328E834E0004A8F7F /* Assets.xcassets */ = {isa = PBXFileReference; lastKnownFileType = folder.assetcatalog; path = Assets.xcassets; sourceTree = "<group>"; };
		CA9240C628E834E0004A8F7F /* Preview Assets.xcassets */ = {isa = PBXFileReference; lastKnownFileType = folder.assetcatalog; path = "Preview Assets.xcassets"; sourceTree = "<group>"; };
		CACA86E828EF5B1900851816 /* NetworkClient.swift */ = {isa = PBXFileReference; lastKnownFileType = sourcecode.swift; path = NetworkClient.swift; sourceTree = "<group>"; };
		CACA86EB28EF5D1800851816 /* DictionaryItem.swift */ = {isa = PBXFileReference; lastKnownFileType = sourcecode.swift; path = DictionaryItem.swift; sourceTree = "<group>"; };
		CACA86ED28EF5EA200851816 /* NetworkError.swift */ = {isa = PBXFileReference; lastKnownFileType = sourcecode.swift; path = NetworkError.swift; sourceTree = "<group>"; };
		CACA86F028EF623A00851816 /* AddWordView.swift */ = {isa = PBXFileReference; lastKnownFileType = sourcecode.swift; path = AddWordView.swift; sourceTree = "<group>"; };
		CACA86F328EF624E00851816 /* AddWordViewModel.swift */ = {isa = PBXFileReference; lastKnownFileType = sourcecode.swift; path = AddWordViewModel.swift; sourceTree = "<group>"; };
		CACA86F528EF664C00851816 /* WordDefinitionViewModel.swift */ = {isa = PBXFileReference; lastKnownFileType = sourcecode.swift; path = WordDefinitionViewModel.swift; sourceTree = "<group>"; };
		CACA86F728EF6DF000851816 /* WordDefinitionRow.swift */ = {isa = PBXFileReference; lastKnownFileType = sourcecode.swift; path = WordDefinitionRow.swift; sourceTree = "<group>"; };
		CADC61DC28F177800038E932 /* LoadingView.swift */ = {isa = PBXFileReference; lastKnownFileType = sourcecode.swift; path = LoadingView.swift; sourceTree = "<group>"; };
		CAFA8C4429853C5B00F5D3DC /* Endpoint.swift */ = {isa = PBXFileReference; lastKnownFileType = sourcecode.swift; path = Endpoint.swift; sourceTree = "<group>"; };
		CAFA8C4929854FBD00F5D3DC /* LoadingState.swift */ = {isa = PBXFileReference; lastKnownFileType = sourcecode.swift; path = LoadingState.swift; sourceTree = "<group>"; };
		CAFA8C4C2985503D00F5D3DC /* PublisherExstension.swift */ = {isa = PBXFileReference; lastKnownFileType = sourcecode.swift; path = PublisherExstension.swift; sourceTree = "<group>"; };
		CAFA8C502985549800F5D3DC /* ErrorView.swift */ = {isa = PBXFileReference; lastKnownFileType = sourcecode.swift; path = ErrorView.swift; sourceTree = "<group>"; };
/* End PBXFileReference section */

/* Begin PBXFrameworksBuildPhase section */
		CA9240B928E834DF004A8F7F /* Frameworks */ = {
			isa = PBXFrameworksBuildPhase;
			buildActionMask = 2147483647;
			files = (
			);
			runOnlyForDeploymentPostprocessing = 0;
		};
/* End PBXFrameworksBuildPhase section */

/* Begin PBXGroup section */
		CA9240B328E834DF004A8F7F = {
			isa = PBXGroup;
			children = (
				CA9240BE28E834DF004A8F7F /* DoYouRemember */,
				CA9240BD28E834DF004A8F7F /* Products */,
			);
			sourceTree = "<group>";
		};
		CA9240BD28E834DF004A8F7F /* Products */ = {
			isa = PBXGroup;
			children = (
				CA9240BC28E834DF004A8F7F /* DoYouRemember.app */,
			);
			name = Products;
			sourceTree = "<group>";
		};
		CA9240BE28E834DF004A8F7F /* DoYouRemember */ = {
			isa = PBXGroup;
			children = (
				CA9240BF28E834DF004A8F7F /* DoYouRememberApp.swift */,
				CA9240C128E834DF004A8F7F /* ContentView.swift */,
				CA9240C328E834E0004A8F7F /* Assets.xcassets */,
				CAFA8C4829854F2400F5D3DC /* Scene */,
				CACA86E728EF5B0700851816 /* Network */,
				CAFA8C4729854F1D00F5D3DC /* Helper */,
				CADC61D928F177630038E932 /* View */,
				CA9240C528E834E0004A8F7F /* Preview Content */,
			);
			path = DoYouRemember;
			sourceTree = "<group>";
		};
		CA9240C528E834E0004A8F7F /* Preview Content */ = {
			isa = PBXGroup;
			children = (
				CA9240C628E834E0004A8F7F /* Preview Assets.xcassets */,
			);
			path = "Preview Content";
			sourceTree = "<group>";
		};
		CACA86E728EF5B0700851816 /* Network */ = {
			isa = PBXGroup;
			children = (
				CACA86EA28EF5CFB00851816 /* Model */,
				CAFA8C4429853C5B00F5D3DC /* Endpoint.swift */,
				CACA86E828EF5B1900851816 /* NetworkClient.swift */,
				CACA86ED28EF5EA200851816 /* NetworkError.swift */,
			);
			path = Network;
			sourceTree = "<group>";
		};
		CACA86EA28EF5CFB00851816 /* Model */ = {
			isa = PBXGroup;
			children = (
				CACA86EB28EF5D1800851816 /* DictionaryItem.swift */,
			);
			path = Model;
			sourceTree = "<group>";
		};
		CACA86EF28EF616200851816 /* AddWord */ = {
			isa = PBXGroup;
			children = (
				CACA86F928EF6DF400851816 /* Row */,
				CACA86F028EF623A00851816 /* AddWordView.swift */,
				CACA86F328EF624E00851816 /* AddWordViewModel.swift */,
			);
			path = AddWord;
			sourceTree = "<group>";
		};
		CACA86F928EF6DF400851816 /* Row */ = {
			isa = PBXGroup;
			children = (
				CACA86F528EF664C00851816 /* WordDefinitionViewModel.swift */,
				CACA86F728EF6DF000851816 /* WordDefinitionRow.swift */,
			);
			path = Row;
			sourceTree = "<group>";
		};
		CADC61D928F177630038E932 /* View */ = {
			isa = PBXGroup;
			children = (
				CADC61DC28F177800038E932 /* LoadingView.swift */,
				CAFA8C502985549800F5D3DC /* ErrorView.swift */,
			);
			path = View;
			sourceTree = "<group>";
		};
		CAFA8C4729854F1D00F5D3DC /* Helper */ = {
			isa = PBXGroup;
			children = (
				CAFA8C4B2985501E00F5D3DC /* Exstension */,
				CAFA8C4929854FBD00F5D3DC /* LoadingState.swift */,
			);
			path = Helper;
			sourceTree = "<group>";
		};
		CAFA8C4829854F2400F5D3DC /* Scene */ = {
			isa = PBXGroup;
			children = (
				CACA86EF28EF616200851816 /* AddWord */,
			);
			path = Scene;
			sourceTree = "<group>";
		};
		CAFA8C4B2985501E00F5D3DC /* Exstension */ = {
			isa = PBXGroup;
			children = (
				CAFA8C4C2985503D00F5D3DC /* PublisherExstension.swift */,
			);
			path = Exstension;
			sourceTree = "<group>";
		};
/* End PBXGroup section */

/* Begin PBXNativeTarget section */
		CA9240BB28E834DF004A8F7F /* DoYouRemember */ = {
			isa = PBXNativeTarget;
			buildConfigurationList = CA9240CA28E834E0004A8F7F /* Build configuration list for PBXNativeTarget "DoYouRemember" */;
			buildPhases = (
				CA9240B828E834DF004A8F7F /* Sources */,
				CA9240B928E834DF004A8F7F /* Frameworks */,
				CA9240BA28E834DF004A8F7F /* Resources */,
			);
			buildRules = (
			);
			dependencies = (
			);
			name = DoYouRemember;
			productName = DoYouRemember;
			productReference = CA9240BC28E834DF004A8F7F /* DoYouRemember.app */;
			productType = "com.apple.product-type.application";
		};
/* End PBXNativeTarget section */

/* Begin PBXProject section */
		CA9240B428E834DF004A8F7F /* Project object */ = {
			isa = PBXProject;
			attributes = {
				BuildIndependentTargetsInParallel = 1;
				LastSwiftUpdateCheck = 1400;
				LastUpgradeCheck = 1400;
				TargetAttributes = {
					CA9240BB28E834DF004A8F7F = {
						CreatedOnToolsVersion = 14.0.1;
					};
				};
			};
			buildConfigurationList = CA9240B728E834DF004A8F7F /* Build configuration list for PBXProject "DoYouRemember" */;
			compatibilityVersion = "Xcode 14.0";
			developmentRegion = en;
			hasScannedForEncodings = 0;
			knownRegions = (
				en,
				Base,
			);
			mainGroup = CA9240B328E834DF004A8F7F;
			productRefGroup = CA9240BD28E834DF004A8F7F /* Products */;
			projectDirPath = "";
			projectRoot = "";
			targets = (
				CA9240BB28E834DF004A8F7F /* DoYouRemember */,
			);
		};
/* End PBXProject section */

/* Begin PBXResourcesBuildPhase section */
		CA9240BA28E834DF004A8F7F /* Resources */ = {
			isa = PBXResourcesBuildPhase;
			buildActionMask = 2147483647;
			files = (
				CA9240C728E834E0004A8F7F /* Preview Assets.xcassets in Resources */,
				CA9240C428E834E0004A8F7F /* Assets.xcassets in Resources */,
			);
			runOnlyForDeploymentPostprocessing = 0;
		};
/* End PBXResourcesBuildPhase section */

/* Begin PBXSourcesBuildPhase section */
		CA9240B828E834DF004A8F7F /* Sources */ = {
			isa = PBXSourcesBuildPhase;
			buildActionMask = 2147483647;
			files = (
				CAFA8C4A29854FBD00F5D3DC /* LoadingState.swift in Sources */,
				CADC61DD28F177800038E932 /* LoadingView.swift in Sources */,
				CACA86F828EF6DF000851816 /* WordDefinitionRow.swift in Sources */,
				CA9240C228E834DF004A8F7F /* ContentView.swift in Sources */,
				CACA86F628EF664C00851816 /* WordDefinitionViewModel.swift in Sources */,
				CACA86F428EF624E00851816 /* AddWordViewModel.swift in Sources */,
				CAFA8C4D2985503D00F5D3DC /* PublisherExstension.swift in Sources */,
				CA9240C028E834DF004A8F7F /* DoYouRememberApp.swift in Sources */,
				CACA86EE28EF5EA200851816 /* NetworkError.swift in Sources */,
				CACA86EC28EF5D1800851816 /* DictionaryItem.swift in Sources */,
				CACA86F128EF623A00851816 /* AddWordView.swift in Sources */,
				CAFA8C512985549800F5D3DC /* ErrorView.swift in Sources */,
				CAFA8C4529853C5B00F5D3DC /* Endpoint.swift in Sources */,
				CACA86E928EF5B1900851816 /* NetworkClient.swift in Sources */,
			);
			runOnlyForDeploymentPostprocessing = 0;
		};
/* End PBXSourcesBuildPhase section */

/* Begin XCBuildConfiguration section */
		CA9240C828E834E0004A8F7F /* Debug */ = {
			isa = XCBuildConfiguration;
			buildSettings = {
				ALWAYS_SEARCH_USER_PATHS = NO;
				CLANG_ANALYZER_NONNULL = YES;
				CLANG_ANALYZER_NUMBER_OBJECT_CONVERSION = YES_AGGRESSIVE;
				CLANG_CXX_LANGUAGE_STANDARD = "gnu++20";
				CLANG_ENABLE_MODULES = YES;
				CLANG_ENABLE_OBJC_ARC = YES;
				CLANG_ENABLE_OBJC_WEAK = YES;
				CLANG_WARN_BLOCK_CAPTURE_AUTORELEASING = YES;
				CLANG_WARN_BOOL_CONVERSION = YES;
				CLANG_WARN_COMMA = YES;
				CLANG_WARN_CONSTANT_CONVERSION = YES;
				CLANG_WARN_DEPRECATED_OBJC_IMPLEMENTATIONS = YES;
				CLANG_WARN_DIRECT_OBJC_ISA_USAGE = YES_ERROR;
				CLANG_WARN_DOCUMENTATION_COMMENTS = YES;
				CLANG_WARN_EMPTY_BODY = YES;
				CLANG_WARN_ENUM_CONVERSION = YES;
				CLANG_WARN_INFINITE_RECURSION = YES;
				CLANG_WARN_INT_CONVERSION = YES;
				CLANG_WARN_NON_LITERAL_NULL_CONVERSION = YES;
				CLANG_WARN_OBJC_IMPLICIT_RETAIN_SELF = YES;
				CLANG_WARN_OBJC_LITERAL_CONVERSION = YES;
				CLANG_WARN_OBJC_ROOT_CLASS = YES_ERROR;
				CLANG_WARN_QUOTED_INCLUDE_IN_FRAMEWORK_HEADER = YES;
				CLANG_WARN_RANGE_LOOP_ANALYSIS = YES;
				CLANG_WARN_STRICT_PROTOTYPES = YES;
				CLANG_WARN_SUSPICIOUS_MOVE = YES;
				CLANG_WARN_UNGUARDED_AVAILABILITY = YES_AGGRESSIVE;
				CLANG_WARN_UNREACHABLE_CODE = YES;
				CLANG_WARN__DUPLICATE_METHOD_MATCH = YES;
				COPY_PHASE_STRIP = NO;
				DEBUG_INFORMATION_FORMAT = dwarf;
				ENABLE_STRICT_OBJC_MSGSEND = YES;
				ENABLE_TESTABILITY = YES;
				GCC_C_LANGUAGE_STANDARD = gnu11;
				GCC_DYNAMIC_NO_PIC = NO;
				GCC_NO_COMMON_BLOCKS = YES;
				GCC_OPTIMIZATION_LEVEL = 0;
				GCC_PREPROCESSOR_DEFINITIONS = (
					"DEBUG=1",
					"$(inherited)",
				);
				GCC_WARN_64_TO_32_BIT_CONVERSION = YES;
				GCC_WARN_ABOUT_RETURN_TYPE = YES_ERROR;
				GCC_WARN_UNDECLARED_SELECTOR = YES;
				GCC_WARN_UNINITIALIZED_AUTOS = YES_AGGRESSIVE;
				GCC_WARN_UNUSED_FUNCTION = YES;
				GCC_WARN_UNUSED_VARIABLE = YES;
				IPHONEOS_DEPLOYMENT_TARGET = 16.0;
				MTL_ENABLE_DEBUG_INFO = INCLUDE_SOURCE;
				MTL_FAST_MATH = YES;
				ONLY_ACTIVE_ARCH = YES;
				SDKROOT = iphoneos;
				SWIFT_ACTIVE_COMPILATION_CONDITIONS = DEBUG;
				SWIFT_OPTIMIZATION_LEVEL = "-Onone";
			};
			name = Debug;
		};
		CA9240C928E834E0004A8F7F /* Release */ = {
			isa = XCBuildConfiguration;
			buildSettings = {
				ALWAYS_SEARCH_USER_PATHS = NO;
				CLANG_ANALYZER_NONNULL = YES;
				CLANG_ANALYZER_NUMBER_OBJECT_CONVERSION = YES_AGGRESSIVE;
				CLANG_CXX_LANGUAGE_STANDARD = "gnu++20";
				CLANG_ENABLE_MODULES = YES;
				CLANG_ENABLE_OBJC_ARC = YES;
				CLANG_ENABLE_OBJC_WEAK = YES;
				CLANG_WARN_BLOCK_CAPTURE_AUTORELEASING = YES;
				CLANG_WARN_BOOL_CONVERSION = YES;
				CLANG_WARN_COMMA = YES;
				CLANG_WARN_CONSTANT_CONVERSION = YES;
				CLANG_WARN_DEPRECATED_OBJC_IMPLEMENTATIONS = YES;
				CLANG_WARN_DIRECT_OBJC_ISA_USAGE = YES_ERROR;
				CLANG_WARN_DOCUMENTATION_COMMENTS = YES;
				CLANG_WARN_EMPTY_BODY = YES;
				CLANG_WARN_ENUM_CONVERSION = YES;
				CLANG_WARN_INFINITE_RECURSION = YES;
				CLANG_WARN_INT_CONVERSION = YES;
				CLANG_WARN_NON_LITERAL_NULL_CONVERSION = YES;
				CLANG_WARN_OBJC_IMPLICIT_RETAIN_SELF = YES;
				CLANG_WARN_OBJC_LITERAL_CONVERSION = YES;
				CLANG_WARN_OBJC_ROOT_CLASS = YES_ERROR;
				CLANG_WARN_QUOTED_INCLUDE_IN_FRAMEWORK_HEADER = YES;
				CLANG_WARN_RANGE_LOOP_ANALYSIS = YES;
				CLANG_WARN_STRICT_PROTOTYPES = YES;
				CLANG_WARN_SUSPICIOUS_MOVE = YES;
				CLANG_WARN_UNGUARDED_AVAILABILITY = YES_AGGRESSIVE;
				CLANG_WARN_UNREACHABLE_CODE = YES;
				CLANG_WARN__DUPLICATE_METHOD_MATCH = YES;
				COPY_PHASE_STRIP = NO;
				DEBUG_INFORMATION_FORMAT = "dwarf-with-dsym";
				ENABLE_NS_ASSERTIONS = NO;
				ENABLE_STRICT_OBJC_MSGSEND = YES;
				GCC_C_LANGUAGE_STANDARD = gnu11;
				GCC_NO_COMMON_BLOCKS = YES;
				GCC_WARN_64_TO_32_BIT_CONVERSION = YES;
				GCC_WARN_ABOUT_RETURN_TYPE = YES_ERROR;
				GCC_WARN_UNDECLARED_SELECTOR = YES;
				GCC_WARN_UNINITIALIZED_AUTOS = YES_AGGRESSIVE;
				GCC_WARN_UNUSED_FUNCTION = YES;
				GCC_WARN_UNUSED_VARIABLE = YES;
				IPHONEOS_DEPLOYMENT_TARGET = 16.0;
				MTL_ENABLE_DEBUG_INFO = NO;
				MTL_FAST_MATH = YES;
				SDKROOT = iphoneos;
				SWIFT_COMPILATION_MODE = wholemodule;
				SWIFT_OPTIMIZATION_LEVEL = "-O";
				VALIDATE_PRODUCT = YES;
			};
			name = Release;
		};
		CA9240CB28E834E0004A8F7F /* Debug */ = {
			isa = XCBuildConfiguration;
			buildSettings = {
				ASSETCATALOG_COMPILER_APPICON_NAME = AppIcon;
				ASSETCATALOG_COMPILER_GLOBAL_ACCENT_COLOR_NAME = AccentColor;
				CODE_SIGN_STYLE = Automatic;
				CURRENT_PROJECT_VERSION = 1;
				DEVELOPMENT_ASSET_PATHS = "\"DoYouRemember/Preview Content\"";
				DEVELOPMENT_TEAM = "";
				ENABLE_PREVIEWS = YES;
				GENERATE_INFOPLIST_FILE = YES;
				INFOPLIST_KEY_LSApplicationCategoryType = "public.app-category.education";
				INFOPLIST_KEY_UIApplicationSceneManifest_Generation = YES;
				INFOPLIST_KEY_UIApplicationSupportsIndirectInputEvents = YES;
				INFOPLIST_KEY_UILaunchScreen_Generation = YES;
				INFOPLIST_KEY_UISupportedInterfaceOrientations = UIInterfaceOrientationPortrait;
				INFOPLIST_KEY_UISupportedInterfaceOrientations_iPad = "UIInterfaceOrientationLandscapeLeft UIInterfaceOrientationLandscapeRight UIInterfaceOrientationPortrait UIInterfaceOrientationPortraitUpsideDown";
				IPHONEOS_DEPLOYMENT_TARGET = 14.0;
				LD_RUNPATH_SEARCH_PATHS = (
					"$(inherited)",
					"@executable_path/Frameworks",
				);
				MARKETING_VERSION = 1.0;
				PRODUCT_BUNDLE_IDENTIFIER = com.DoYouRemember.DoYouRemember;
				PRODUCT_NAME = "$(TARGET_NAME)";
				SUPPORTED_PLATFORMS = "iphoneos iphonesimulator";
				SUPPORTS_MACCATALYST = NO;
				SUPPORTS_MAC_DESIGNED_FOR_IPHONE_IPAD = YES;
				SWIFT_EMIT_LOC_STRINGS = YES;
				SWIFT_VERSION = 5.0;
				TARGETED_DEVICE_FAMILY = 1;
			};
			name = Debug;
		};
		CA9240CC28E834E0004A8F7F /* Release */ = {
			isa = XCBuildConfiguration;
			buildSettings = {
				ASSETCATALOG_COMPILER_APPICON_NAME = AppIcon;
				ASSETCATALOG_COMPILER_GLOBAL_ACCENT_COLOR_NAME = AccentColor;
				CODE_SIGN_STYLE = Automatic;
				CURRENT_PROJECT_VERSION = 1;
				DEVELOPMENT_ASSET_PATHS = "\"DoYouRemember/Preview Content\"";
				DEVELOPMENT_TEAM = "";
				ENABLE_PREVIEWS = YES;
				GENERATE_INFOPLIST_FILE = YES;
				INFOPLIST_KEY_LSApplicationCategoryType = "public.app-category.education";
				INFOPLIST_KEY_UIApplicationSceneManifest_Generation = YES;
				INFOPLIST_KEY_UIApplicationSupportsIndirectInputEvents = YES;
				INFOPLIST_KEY_UILaunchScreen_Generation = YES;
				INFOPLIST_KEY_UISupportedInterfaceOrientations = UIInterfaceOrientationPortrait;
				INFOPLIST_KEY_UISupportedInterfaceOrientations_iPad = "UIInterfaceOrientationLandscapeLeft UIInterfaceOrientationLandscapeRight UIInterfaceOrientationPortrait UIInterfaceOrientationPortraitUpsideDown";
				IPHONEOS_DEPLOYMENT_TARGET = 14.0;
				LD_RUNPATH_SEARCH_PATHS = (
					"$(inherited)",
					"@executable_path/Frameworks",
				);
				MARKETING_VERSION = 1.0;
				PRODUCT_BUNDLE_IDENTIFIER = com.DoYouRemember.DoYouRemember;
				PRODUCT_NAME = "$(TARGET_NAME)";
				SUPPORTED_PLATFORMS = "iphoneos iphonesimulator";
				SUPPORTS_MACCATALYST = NO;
				SUPPORTS_MAC_DESIGNED_FOR_IPHONE_IPAD = YES;
				SWIFT_EMIT_LOC_STRINGS = YES;
				SWIFT_VERSION = 5.0;
				TARGETED_DEVICE_FAMILY = 1;
			};
			name = Release;
		};
/* End XCBuildConfiguration section */

/* Begin XCConfigurationList section */
		CA9240B728E834DF004A8F7F /* Build configuration list for PBXProject "DoYouRemember" */ = {
			isa = XCConfigurationList;
			buildConfigurations = (
				CA9240C828E834E0004A8F7F /* Debug */,
				CA9240C928E834E0004A8F7F /* Release */,
			);
			defaultConfigurationIsVisible = 0;
			defaultConfigurationName = Release;
		};
		CA9240CA28E834E0004A8F7F /* Build configuration list for PBXNativeTarget "DoYouRemember" */ = {
			isa = XCConfigurationList;
			buildConfigurations = (
				CA9240CB28E834E0004A8F7F /* Debug */,
				CA9240CC28E834E0004A8F7F /* Release */,
			);
			defaultConfigurationIsVisible = 0;
			defaultConfigurationName = Release;
		};
/* End XCConfigurationList section */
	};
	rootObject = CA9240B428E834DF004A8F7F /* Project object */;
}
